
Microsoft Visual Studio Solution File, Format Version 12.00
# Visual Studio Version 16
VisualStudioVersion = 16.0.29709.97
MinimumVisualStudioVersion = 10.0.40219.1
Project("{FAE04EC0-301F-11D3-BF4B-00C04F79EFBC}") = "HelloWorld", "HelloWorld\HelloWorld.csproj", "{3CFD464F-3EBD-47B6-AA88-57514B4FBDC5}"
EndProject
Global
	GlobalSection(SolutionConfigurationPlatforms) = preSolution
		Debug|Any CPU = Debug|Any CPU
		Release|Any CPU = Release|Any CPU
	EndGlobalSection
	GlobalSection(ProjectConfigurationPlatforms) = postSolution
		{3CFD464F-3EBD-47B6-AA88-57514B4FBDC5}.Debug|Any CPU.ActiveCfg = Debug|Any CPU
		{3CFD464F-3EBD-47B6-AA88-57514B4FBDC5}.Debug|Any CPU.Build.0 = Debug|Any CPU
		{3CFD464F-3EBD-47B6-AA88-57514B4FBDC5}.Release|Any CPU.ActiveCfg = Release|Any CPU
		{3CFD464F-3EBD-47B6-AA88-57514B4FBDC5}.Release|Any CPU.Build.0 = Release|Any CPU
	EndGlobalSection
	GlobalSection(SolutionProperties) = preSolution
		HideSolutionNode = FALSE
	EndGlobalSection
	GlobalSection(ExtensibilityGlobals) = postSolution
		SolutionGuid = {87AB3170-04BC-498C-89D7-72493E454ACE}
	EndGlobalSection
EndGlobal
